// !$*UTF8*$!
{
	archiveVersion = 1;
	classes = {
	};
	objectVersion = 56;
	objects = {

/* Begin PBXBuildFile section */
		E8402ADF2C125CB200F1AB51 /* SnapKit in Frameworks */ = {isa = PBXBuildFile; productRef = E8402ADE2C125CB200F1AB51 /* SnapKit */; };
		E8402AE82C12602800F1AB51 /* Extension+UICollectionViewCell.swift in Sources */ = {isa = PBXBuildFile; fileRef = E8402AE72C12602800F1AB51 /* Extension+UICollectionViewCell.swift */; };
		E8402AEA2C12603D00F1AB51 /* Extension+Decimal.swift in Sources */ = {isa = PBXBuildFile; fileRef = E8402AE92C12603D00F1AB51 /* Extension+Decimal.swift */; };
		E8402AEC2C12605200F1AB51 /* Extension+String.swift in Sources */ = {isa = PBXBuildFile; fileRef = E8402AEB2C12605200F1AB51 /* Extension+String.swift */; };
		E8402AEE2C1260D700F1AB51 /* HomeUIModelHelper.swift in Sources */ = {isa = PBXBuildFile; fileRef = E8402AED2C1260D700F1AB51 /* HomeUIModelHelper.swift */; };
		E8402AF22C12615600F1AB51 /* UIHomeModel.swift in Sources */ = {isa = PBXBuildFile; fileRef = E8402AF12C12615600F1AB51 /* UIHomeModel.swift */; };
		E8402AF42C12619300F1AB51 /* Category.swift in Sources */ = {isa = PBXBuildFile; fileRef = E8402AF32C12619300F1AB51 /* Category.swift */; };
		E8402AF62C1261A800F1AB51 /* APIResponse.swift in Sources */ = {isa = PBXBuildFile; fileRef = E8402AF52C1261A800F1AB51 /* APIResponse.swift */; };
		E8402AF82C1261F800F1AB51 /* CourseView.swift in Sources */ = {isa = PBXBuildFile; fileRef = E8402AF72C1261F800F1AB51 /* CourseView.swift */; };
		E8402AFA2C12620B00F1AB51 /* ReviewRatingView.swift in Sources */ = {isa = PBXBuildFile; fileRef = E8402AF92C12620B00F1AB51 /* ReviewRatingView.swift */; };
		E8402AFC2C12622100F1AB51 /* UdemyBusinessView.swift in Sources */ = {isa = PBXBuildFile; fileRef = E8402AFB2C12622100F1AB51 /* UdemyBusinessView.swift */; };
		E8402AFE2C12622F00F1AB51 /* CategoriesView.swift in Sources */ = {isa = PBXBuildFile; fileRef = E8402AFD2C12622F00F1AB51 /* CategoriesView.swift */; };
		E8402B002C12623D00F1AB51 /* MainBannerView.swift in Sources */ = {isa = PBXBuildFile; fileRef = E8402AFF2C12623D00F1AB51 /* MainBannerView.swift */; };
		E8402B022C12624C00F1AB51 /* PlaceholderImageView.swift in Sources */ = {isa = PBXBuildFile; fileRef = E8402B012C12624C00F1AB51 /* PlaceholderImageView.swift */; };
		E8402B042C12625B00F1AB51 /* FeatureCourseView.swift in Sources */ = {isa = PBXBuildFile; fileRef = E8402B032C12625B00F1AB51 /* FeatureCourseView.swift */; };
		E8402B062C12627200F1AB51 /* HomeCollectionView.swift in Sources */ = {isa = PBXBuildFile; fileRef = E8402B052C12627200F1AB51 /* HomeCollectionView.swift */; };
		E84E201F2C12683F00E387DD /* AttributedTapLabel.swift in Sources */ = {isa = PBXBuildFile; fileRef = E84E201E2C12683F00E387DD /* AttributedTapLabel.swift */; };
		E84E20212C12686C00E387DD /* MainBannerCollectionViewCell.swift in Sources */ = {isa = PBXBuildFile; fileRef = E84E20202C12686C00E387DD /* MainBannerCollectionViewCell.swift */; };
		E84E20232C12688600E387DD /* UdemyBusinessCollectionViewCell.swift in Sources */ = {isa = PBXBuildFile; fileRef = E84E20222C12688600E387DD /* UdemyBusinessCollectionViewCell.swift */; };
		E84E20252C1268A200E387DD /* CourseCollectionViewCell.swift in Sources */ = {isa = PBXBuildFile; fileRef = E84E20242C1268A200E387DD /* CourseCollectionViewCell.swift */; };
		E84E20272C1268B500E387DD /* TextHeaderCollectionViewCell.swift in Sources */ = {isa = PBXBuildFile; fileRef = E84E20262C1268B500E387DD /* TextHeaderCollectionViewCell.swift */; };
		E84E20292C1268D500E387DD /* CategoriesCollectionViewCell.swift in Sources */ = {isa = PBXBuildFile; fileRef = E84E20282C1268D500E387DD /* CategoriesCollectionViewCell.swift */; };
		E84E202B2C1268FD00E387DD /* FeaturedCourseCollectionViewCell.swift in Sources */ = {isa = PBXBuildFile; fileRef = E84E202A2C1268FD00E387DD /* FeaturedCourseCollectionViewCell.swift */; };
		E89D89BC2C11838D00CAA39D /* AppDelegate.swift in Sources */ = {isa = PBXBuildFile; fileRef = E89D89BB2C11838D00CAA39D /* AppDelegate.swift */; };
		E89D89BE2C11838D00CAA39D /* SceneDelegate.swift in Sources */ = {isa = PBXBuildFile; fileRef = E89D89BD2C11838D00CAA39D /* SceneDelegate.swift */; };
		E89D89C02C11838D00CAA39D /* HomeViewController.swift in Sources */ = {isa = PBXBuildFile; fileRef = E89D89BF2C11838D00CAA39D /* HomeViewController.swift */; };
		E89D89C52C11838E00CAA39D /* Assets.xcassets in Resources */ = {isa = PBXBuildFile; fileRef = E89D89C42C11838E00CAA39D /* Assets.xcassets */; };
		E89D89C82C11838E00CAA39D /* Base in Resources */ = {isa = PBXBuildFile; fileRef = E89D89C72C11838E00CAA39D /* Base */; };
/* End PBXBuildFile section */

/* Begin PBXFileReference section */
		E8402AE72C12602800F1AB51 /* Extension+UICollectionViewCell.swift */ = {isa = PBXFileReference; lastKnownFileType = sourcecode.swift; path = "Extension+UICollectionViewCell.swift"; sourceTree = "<group>"; };
		E8402AE92C12603D00F1AB51 /* Extension+Decimal.swift */ = {isa = PBXFileReference; lastKnownFileType = sourcecode.swift; path = "Extension+Decimal.swift"; sourceTree = "<group>"; };
		E8402AEB2C12605200F1AB51 /* Extension+String.swift */ = {isa = PBXFileReference; lastKnownFileType = sourcecode.swift; path = "Extension+String.swift"; sourceTree = "<group>"; };
		E8402AED2C1260D700F1AB51 /* HomeUIModelHelper.swift */ = {isa = PBXFileReference; lastKnownFileType = sourcecode.swift; path = HomeUIModelHelper.swift; sourceTree = "<group>"; };
		E8402AF02C1260F700F1AB51 /* payload.json */ = {isa = PBXFileReference; lastKnownFileType = text.json; path = payload.json; sourceTree = "<group>"; };
		E8402AF12C12615600F1AB51 /* UIHomeModel.swift */ = {isa = PBXFileReference; lastKnownFileType = sourcecode.swift; path = UIHomeModel.swift; sourceTree = "<group>"; };
		E8402AF32C12619300F1AB51 /* Category.swift */ = {isa = PBXFileReference; lastKnownFileType = sourcecode.swift; path = Category.swift; sourceTree = "<group>"; };
		E8402AF52C1261A800F1AB51 /* APIResponse.swift */ = {isa = PBXFileReference; lastKnownFileType = sourcecode.swift; path = APIResponse.swift; sourceTree = "<group>"; };
		E8402AF72C1261F800F1AB51 /* CourseView.swift */ = {isa = PBXFileReference; lastKnownFileType = sourcecode.swift; path = CourseView.swift; sourceTree = "<group>"; };
		E8402AF92C12620B00F1AB51 /* ReviewRatingView.swift */ = {isa = PBXFileReference; lastKnownFileType = sourcecode.swift; path = ReviewRatingView.swift; sourceTree = "<group>"; };
		E8402AFB2C12622100F1AB51 /* UdemyBusinessView.swift */ = {isa = PBXFileReference; lastKnownFileType = sourcecode.swift; path = UdemyBusinessView.swift; sourceTree = "<group>"; };
		E8402AFD2C12622F00F1AB51 /* CategoriesView.swift */ = {isa = PBXFileReference; lastKnownFileType = sourcecode.swift; path = CategoriesView.swift; sourceTree = "<group>"; };
		E8402AFF2C12623D00F1AB51 /* MainBannerView.swift */ = {isa = PBXFileReference; lastKnownFileType = sourcecode.swift; path = MainBannerView.swift; sourceTree = "<group>"; };
		E8402B012C12624C00F1AB51 /* PlaceholderImageView.swift */ = {isa = PBXFileReference; lastKnownFileType = sourcecode.swift; path = PlaceholderImageView.swift; sourceTree = "<group>"; };
		E8402B032C12625B00F1AB51 /* FeatureCourseView.swift */ = {isa = PBXFileReference; lastKnownFileType = sourcecode.swift; path = FeatureCourseView.swift; sourceTree = "<group>"; };
		E8402B052C12627200F1AB51 /* HomeCollectionView.swift */ = {isa = PBXFileReference; lastKnownFileType = sourcecode.swift; path = HomeCollectionView.swift; sourceTree = "<group>"; };
		E84E201E2C12683F00E387DD /* AttributedTapLabel.swift */ = {isa = PBXFileReference; lastKnownFileType = sourcecode.swift; path = AttributedTapLabel.swift; sourceTree = "<group>"; };
		E84E20202C12686C00E387DD /* MainBannerCollectionViewCell.swift */ = {isa = PBXFileReference; lastKnownFileType = sourcecode.swift; path = MainBannerCollectionViewCell.swift; sourceTree = "<group>"; };
		E84E20222C12688600E387DD /* UdemyBusinessCollectionViewCell.swift */ = {isa = PBXFileReference; lastKnownFileType = sourcecode.swift; path = UdemyBusinessCollectionViewCell.swift; sourceTree = "<group>"; };
		E84E20242C1268A200E387DD /* CourseCollectionViewCell.swift */ = {isa = PBXFileReference; lastKnownFileType = sourcecode.swift; path = CourseCollectionViewCell.swift; sourceTree = "<group>"; };
		E84E20262C1268B500E387DD /* TextHeaderCollectionViewCell.swift */ = {isa = PBXFileReference; lastKnownFileType = sourcecode.swift; path = TextHeaderCollectionViewCell.swift; sourceTree = "<group>"; };
		E84E20282C1268D500E387DD /* CategoriesCollectionViewCell.swift */ = {isa = PBXFileReference; lastKnownFileType = sourcecode.swift; path = CategoriesCollectionViewCell.swift; sourceTree = "<group>"; };
		E84E202A2C1268FD00E387DD /* FeaturedCourseCollectionViewCell.swift */ = {isa = PBXFileReference; lastKnownFileType = sourcecode.swift; path = FeaturedCourseCollectionViewCell.swift; sourceTree = "<group>"; };
		E89D89B82C11838D00CAA39D /* ios-udemy-home.app */ = {isa = PBXFileReference; explicitFileType = wrapper.application; includeInIndex = 0; path = "ios-udemy-home.app"; sourceTree = BUILT_PRODUCTS_DIR; };
		E89D89BB2C11838D00CAA39D /* AppDelegate.swift */ = {isa = PBXFileReference; lastKnownFileType = sourcecode.swift; path = AppDelegate.swift; sourceTree = "<group>"; };
		E89D89BD2C11838D00CAA39D /* SceneDelegate.swift */ = {isa = PBXFileReference; lastKnownFileType = sourcecode.swift; path = SceneDelegate.swift; sourceTree = "<group>"; };
		E89D89BF2C11838D00CAA39D /* HomeViewController.swift */ = {isa = PBXFileReference; lastKnownFileType = sourcecode.swift; path = HomeViewController.swift; sourceTree = "<group>"; };
		E89D89C42C11838E00CAA39D /* Assets.xcassets */ = {isa = PBXFileReference; lastKnownFileType = folder.assetcatalog; path = Assets.xcassets; sourceTree = "<group>"; };
		E89D89C72C11838E00CAA39D /* Base */ = {isa = PBXFileReference; lastKnownFileType = file.storyboard; name = Base; path = Base.lproj/LaunchScreen.storyboard; sourceTree = "<group>"; };
		E89D89C92C11838E00CAA39D /* Info.plist */ = {isa = PBXFileReference; lastKnownFileType = text.plist.xml; path = Info.plist; sourceTree = "<group>"; };
/* End PBXFileReference section */

/* Begin PBXFrameworksBuildPhase section */
		E89D89B52C11838D00CAA39D /* Frameworks */ = {
			isa = PBXFrameworksBuildPhase;
			buildActionMask = 2147483647;
			files = (
				E8402ADF2C125CB200F1AB51 /* SnapKit in Frameworks */,
			);
			runOnlyForDeploymentPostprocessing = 0;
		};
/* End PBXFrameworksBuildPhase section */

/* Begin PBXGroup section */
		E8402AE02C125F2000F1AB51 /* Supporting Files */ = {
			isa = PBXGroup;
			children = (
				E89D89BB2C11838D00CAA39D /* AppDelegate.swift */,
				E89D89BD2C11838D00CAA39D /* SceneDelegate.swift */,
				E89D89C42C11838E00CAA39D /* Assets.xcassets */,
				E89D89C62C11838E00CAA39D /* LaunchScreen.storyboard */,
			);
			path = "Supporting Files";
			sourceTree = "<group>";
		};
		E8402AE12C125FA100F1AB51 /* Extension */ = {
			isa = PBXGroup;
			children = (
				E8402AE72C12602800F1AB51 /* Extension+UICollectionViewCell.swift */,
				E8402AE92C12603D00F1AB51 /* Extension+Decimal.swift */,
				E8402AEB2C12605200F1AB51 /* Extension+String.swift */,
			);
			path = Extension;
			sourceTree = "<group>";
		};
		E8402AE22C125FAC00F1AB51 /* Home */ = {
			isa = PBXGroup;
			children = (
				E8402B052C12627200F1AB51 /* HomeCollectionView.swift */,
				E89D89BF2C11838D00CAA39D /* HomeViewController.swift */,
				E8402AEF2C1260DF00F1AB51 /* JSON */,
			);
			path = Home;
			sourceTree = "<group>";
		};
		E8402AE32C125FB500F1AB51 /* Helper */ = {
			isa = PBXGroup;
			children = (
				E8402AED2C1260D700F1AB51 /* HomeUIModelHelper.swift */,
			);
			path = Helper;
			sourceTree = "<group>";
		};
		E8402AE42C125FBC00F1AB51 /* Model */ = {
			isa = PBXGroup;
			children = (
				E8402AF12C12615600F1AB51 /* UIHomeModel.swift */,
				E8402AF32C12619300F1AB51 /* Category.swift */,
				E8402AF52C1261A800F1AB51 /* APIResponse.swift */,
			);
			path = Model;
			sourceTree = "<group>";
		};
		E8402AE52C125FC800F1AB51 /* SwiftUIView */ = {
			isa = PBXGroup;
			children = (
				E8402AF72C1261F800F1AB51 /* CourseView.swift */,
				E8402AF92C12620B00F1AB51 /* ReviewRatingView.swift */,
				E8402AFB2C12622100F1AB51 /* UdemyBusinessView.swift */,
				E8402AFD2C12622F00F1AB51 /* CategoriesView.swift */,
				E8402AFF2C12623D00F1AB51 /* MainBannerView.swift */,
				E8402B012C12624C00F1AB51 /* PlaceholderImageView.swift */,
				E8402B032C12625B00F1AB51 /* FeatureCourseView.swift */,
			);
			path = SwiftUIView;
			sourceTree = "<group>";
		};
		E8402AEF2C1260DF00F1AB51 /* JSON */ = {
			isa = PBXGroup;
			children = (
				E8402AF02C1260F700F1AB51 /* payload.json */,
			);
			path = JSON;
			sourceTree = "<group>";
		};
		E84E201D2C12681F00E387DD /* View */ = {
			isa = PBXGroup;
			children = (
				E84E201E2C12683F00E387DD /* AttributedTapLabel.swift */,
				E84E20202C12686C00E387DD /* MainBannerCollectionViewCell.swift */,
				E84E20222C12688600E387DD /* UdemyBusinessCollectionViewCell.swift */,
				E84E20242C1268A200E387DD /* CourseCollectionViewCell.swift */,
				E84E20262C1268B500E387DD /* TextHeaderCollectionViewCell.swift */,
				E84E20282C1268D500E387DD /* CategoriesCollectionViewCell.swift */,
				E84E202A2C1268FD00E387DD /* FeaturedCourseCollectionViewCell.swift */,
			);
			path = View;
			sourceTree = "<group>";
		};
		E89D89AF2C11838D00CAA39D = {
			isa = PBXGroup;
			children = (
				E89D89BA2C11838D00CAA39D /* ios-udemy-home */,
				E89D89B92C11838D00CAA39D /* Products */,
			);
			sourceTree = "<group>";
		};
		E89D89B92C11838D00CAA39D /* Products */ = {
			isa = PBXGroup;
			children = (
				E89D89B82C11838D00CAA39D /* ios-udemy-home.app */,
			);
			name = Products;
			sourceTree = "<group>";
		};
		E89D89BA2C11838D00CAA39D /* ios-udemy-home */ = {
			isa = PBXGroup;
			children = (
				E84E201D2C12681F00E387DD /* View */,
				E8402AE52C125FC800F1AB51 /* SwiftUIView */,
				E8402AE42C125FBC00F1AB51 /* Model */,
				E8402AE32C125FB500F1AB51 /* Helper */,
				E8402AE22C125FAC00F1AB51 /* Home */,
				E8402AE12C125FA100F1AB51 /* Extension */,
				E8402AE02C125F2000F1AB51 /* Supporting Files */,
				E89D89C92C11838E00CAA39D /* Info.plist */,
			);
			path = "ios-udemy-home";
			sourceTree = "<group>";
		};
/* End PBXGroup section */

/* Begin PBXNativeTarget section */
		E89D89B72C11838D00CAA39D /* ios-udemy-home */ = {
			isa = PBXNativeTarget;
			buildConfigurationList = E89D89CC2C11838E00CAA39D /* Build configuration list for PBXNativeTarget "ios-udemy-home" */;
			buildPhases = (
				E89D89B42C11838D00CAA39D /* Sources */,
				E89D89B52C11838D00CAA39D /* Frameworks */,
				E89D89B62C11838D00CAA39D /* Resources */,
			);
			buildRules = (
			);
			dependencies = (
			);
			name = "ios-udemy-home";
			packageProductDependencies = (
				E8402ADE2C125CB200F1AB51 /* SnapKit */,
			);
			productName = "ios-udemy-home";
			productReference = E89D89B82C11838D00CAA39D /* ios-udemy-home.app */;
			productType = "com.apple.product-type.application";
		};
/* End PBXNativeTarget section */

/* Begin PBXProject section */
		E89D89B02C11838D00CAA39D /* Project object */ = {
			isa = PBXProject;
			attributes = {
				BuildIndependentTargetsInParallel = 1;
				LastSwiftUpdateCheck = 1540;
				LastUpgradeCheck = 1540;
				TargetAttributes = {
					E89D89B72C11838D00CAA39D = {
						CreatedOnToolsVersion = 15.4;
					};
				};
			};
			buildConfigurationList = E89D89B32C11838D00CAA39D /* Build configuration list for PBXProject "ios-udemy-home" */;
			compatibilityVersion = "Xcode 14.0";
			developmentRegion = en;
			hasScannedForEncodings = 0;
			knownRegions = (
				en,
				Base,
			);
			mainGroup = E89D89AF2C11838D00CAA39D;
			packageReferences = (
				E8402ADD2C125CB200F1AB51 /* XCRemoteSwiftPackageReference "SnapKit" */,
			);
			productRefGroup = E89D89B92C11838D00CAA39D /* Products */;
			projectDirPath = "";
			projectRoot = "";
			targets = (
				E89D89B72C11838D00CAA39D /* ios-udemy-home */,
			);
		};
/* End PBXProject section */

/* Begin PBXResourcesBuildPhase section */
		E89D89B62C11838D00CAA39D /* Resources */ = {
			isa = PBXResourcesBuildPhase;
			buildActionMask = 2147483647;
			files = (
				E89D89C52C11838E00CAA39D /* Assets.xcassets in Resources */,
				E89D89C82C11838E00CAA39D /* Base in Resources */,
			);
			runOnlyForDeploymentPostprocessing = 0;
		};
/* End PBXResourcesBuildPhase section */

/* Begin PBXSourcesBuildPhase section */
		E89D89B42C11838D00CAA39D /* Sources */ = {
			isa = PBXSourcesBuildPhase;
			buildActionMask = 2147483647;
			files = (
				E8402AEA2C12603D00F1AB51 /* Extension+Decimal.swift in Sources */,
				E84E201F2C12683F00E387DD /* AttributedTapLabel.swift in Sources */,
				E8402AE82C12602800F1AB51 /* Extension+UICollectionViewCell.swift in Sources */,
				E8402AEC2C12605200F1AB51 /* Extension+String.swift in Sources */,
				E8402AF62C1261A800F1AB51 /* APIResponse.swift in Sources */,
				E89D89C02C11838D00CAA39D /* HomeViewController.swift in Sources */,
				E8402B062C12627200F1AB51 /* HomeCollectionView.swift in Sources */,
				E8402AF22C12615600F1AB51 /* UIHomeModel.swift in Sources */,
				E8402B022C12624C00F1AB51 /* PlaceholderImageView.swift in Sources */,
				E8402AF42C12619300F1AB51 /* Category.swift in Sources */,
				E8402AFC2C12622100F1AB51 /* UdemyBusinessView.swift in Sources */,
				E84E20232C12688600E387DD /* UdemyBusinessCollectionViewCell.swift in Sources */,
				E8402AFE2C12622F00F1AB51 /* CategoriesView.swift in Sources */,
				E8402AFA2C12620B00F1AB51 /* ReviewRatingView.swift in Sources */,
				E8402AF82C1261F800F1AB51 /* CourseView.swift in Sources */,
				E84E20272C1268B500E387DD /* TextHeaderCollectionViewCell.swift in Sources */,
				E84E20252C1268A200E387DD /* CourseCollectionViewCell.swift in Sources */,
				E8402B002C12623D00F1AB51 /* MainBannerView.swift in Sources */,
				E84E20292C1268D500E387DD /* CategoriesCollectionViewCell.swift in Sources */,
				E84E20212C12686C00E387DD /* MainBannerCollectionViewCell.swift in Sources */,
				E84E202B2C1268FD00E387DD /* FeaturedCourseCollectionViewCell.swift in Sources */,
				E8402AEE2C1260D700F1AB51 /* HomeUIModelHelper.swift in Sources */,
				E8402B042C12625B00F1AB51 /* FeatureCourseView.swift in Sources */,
				E89D89BC2C11838D00CAA39D /* AppDelegate.swift in Sources */,
				E89D89BE2C11838D00CAA39D /* SceneDelegate.swift in Sources */,
			);
			runOnlyForDeploymentPostprocessing = 0;
		};
/* End PBXSourcesBuildPhase section */

/* Begin PBXVariantGroup section */
		E89D89C62C11838E00CAA39D /* LaunchScreen.storyboard */ = {
			isa = PBXVariantGroup;
			children = (
				E89D89C72C11838E00CAA39D /* Base */,
			);
			name = LaunchScreen.storyboard;
			sourceTree = "<group>";
		};
/* End PBXVariantGroup section */

/* Begin XCBuildConfiguration section */
		E89D89CA2C11838E00CAA39D /* Debug */ = {
			isa = XCBuildConfiguration;
			buildSettings = {
				ALWAYS_SEARCH_USER_PATHS = NO;
				ASSETCATALOG_COMPILER_GENERATE_SWIFT_ASSET_SYMBOL_EXTENSIONS = YES;
				CLANG_ANALYZER_NONNULL = YES;
				CLANG_ANALYZER_NUMBER_OBJECT_CONVERSION = YES_AGGRESSIVE;
				CLANG_CXX_LANGUAGE_STANDARD = "gnu++20";
				CLANG_ENABLE_MODULES = YES;
				CLANG_ENABLE_OBJC_ARC = YES;
				CLANG_ENABLE_OBJC_WEAK = YES;
				CLANG_WARN_BLOCK_CAPTURE_AUTORELEASING = YES;
				CLANG_WARN_BOOL_CONVERSION = YES;
				CLANG_WARN_COMMA = YES;
				CLANG_WARN_CONSTANT_CONVERSION = YES;
				CLANG_WARN_DEPRECATED_OBJC_IMPLEMENTATIONS = YES;
				CLANG_WARN_DIRECT_OBJC_ISA_USAGE = YES_ERROR;
				CLANG_WARN_DOCUMENTATION_COMMENTS = YES;
				CLANG_WARN_EMPTY_BODY = YES;
				CLANG_WARN_ENUM_CONVERSION = YES;
				CLANG_WARN_INFINITE_RECURSION = YES;
				CLANG_WARN_INT_CONVERSION = YES;
				CLANG_WARN_NON_LITERAL_NULL_CONVERSION = YES;
				CLANG_WARN_OBJC_IMPLICIT_RETAIN_SELF = YES;
				CLANG_WARN_OBJC_LITERAL_CONVERSION = YES;
				CLANG_WARN_OBJC_ROOT_CLASS = YES_ERROR;
				CLANG_WARN_QUOTED_INCLUDE_IN_FRAMEWORK_HEADER = YES;
				CLANG_WARN_RANGE_LOOP_ANALYSIS = YES;
				CLANG_WARN_STRICT_PROTOTYPES = YES;
				CLANG_WARN_SUSPICIOUS_MOVE = YES;
				CLANG_WARN_UNGUARDED_AVAILABILITY = YES_AGGRESSIVE;
				CLANG_WARN_UNREACHABLE_CODE = YES;
				CLANG_WARN__DUPLICATE_METHOD_MATCH = YES;
				COPY_PHASE_STRIP = NO;
				DEBUG_INFORMATION_FORMAT = dwarf;
				ENABLE_STRICT_OBJC_MSGSEND = YES;
				ENABLE_TESTABILITY = YES;
				ENABLE_USER_SCRIPT_SANDBOXING = YES;
				GCC_C_LANGUAGE_STANDARD = gnu17;
				GCC_DYNAMIC_NO_PIC = NO;
				GCC_NO_COMMON_BLOCKS = YES;
				GCC_OPTIMIZATION_LEVEL = 0;
				GCC_PREPROCESSOR_DEFINITIONS = (
					"DEBUG=1",
					"$(inherited)",
				);
				GCC_WARN_64_TO_32_BIT_CONVERSION = YES;
				GCC_WARN_ABOUT_RETURN_TYPE = YES_ERROR;
				GCC_WARN_UNDECLARED_SELECTOR = YES;
				GCC_WARN_UNINITIALIZED_AUTOS = YES_AGGRESSIVE;
				GCC_WARN_UNUSED_FUNCTION = YES;
				GCC_WARN_UNUSED_VARIABLE = YES;
				IPHONEOS_DEPLOYMENT_TARGET = 17.5;
				LOCALIZATION_PREFERS_STRING_CATALOGS = YES;
				MTL_ENABLE_DEBUG_INFO = INCLUDE_SOURCE;
				MTL_FAST_MATH = YES;
				ONLY_ACTIVE_ARCH = YES;
				SDKROOT = iphoneos;
				SWIFT_ACTIVE_COMPILATION_CONDITIONS = "DEBUG $(inherited)";
				SWIFT_OPTIMIZATION_LEVEL = "-Onone";
			};
			name = Debug;
		};
		E89D89CB2C11838E00CAA39D /* Release */ = {
			isa = XCBuildConfiguration;
			buildSettings = {
				ALWAYS_SEARCH_USER_PATHS = NO;
				ASSETCATALOG_COMPILER_GENERATE_SWIFT_ASSET_SYMBOL_EXTENSIONS = YES;
				CLANG_ANALYZER_NONNULL = YES;
				CLANG_ANALYZER_NUMBER_OBJECT_CONVERSION = YES_AGGRESSIVE;
				CLANG_CXX_LANGUAGE_STANDARD = "gnu++20";
				CLANG_ENABLE_MODULES = YES;
				CLANG_ENABLE_OBJC_ARC = YES;
				CLANG_ENABLE_OBJC_WEAK = YES;
				CLANG_WARN_BLOCK_CAPTURE_AUTORELEASING = YES;
				CLANG_WARN_BOOL_CONVERSION = YES;
				CLANG_WARN_COMMA = YES;
				CLANG_WARN_CONSTANT_CONVERSION = YES;
				CLANG_WARN_DEPRECATED_OBJC_IMPLEMENTATIONS = YES;
				CLANG_WARN_DIRECT_OBJC_ISA_USAGE = YES_ERROR;
				CLANG_WARN_DOCUMENTATION_COMMENTS = YES;
				CLANG_WARN_EMPTY_BODY = YES;
				CLANG_WARN_ENUM_CONVERSION = YES;
				CLANG_WARN_INFINITE_RECURSION = YES;
				CLANG_WARN_INT_CONVERSION = YES;
				CLANG_WARN_NON_LITERAL_NULL_CONVERSION = YES;
				CLANG_WARN_OBJC_IMPLICIT_RETAIN_SELF = YES;
				CLANG_WARN_OBJC_LITERAL_CONVERSION = YES;
				CLANG_WARN_OBJC_ROOT_CLASS = YES_ERROR;
				CLANG_WARN_QUOTED_INCLUDE_IN_FRAMEWORK_HEADER = YES;
				CLANG_WARN_RANGE_LOOP_ANALYSIS = YES;
				CLANG_WARN_STRICT_PROTOTYPES = YES;
				CLANG_WARN_SUSPICIOUS_MOVE = YES;
				CLANG_WARN_UNGUARDED_AVAILABILITY = YES_AGGRESSIVE;
				CLANG_WARN_UNREACHABLE_CODE = YES;
				CLANG_WARN__DUPLICATE_METHOD_MATCH = YES;
				COPY_PHASE_STRIP = NO;
				DEBUG_INFORMATION_FORMAT = "dwarf-with-dsym";
				ENABLE_NS_ASSERTIONS = NO;
				ENABLE_STRICT_OBJC_MSGSEND = YES;
				ENABLE_USER_SCRIPT_SANDBOXING = YES;
				GCC_C_LANGUAGE_STANDARD = gnu17;
				GCC_NO_COMMON_BLOCKS = YES;
				GCC_WARN_64_TO_32_BIT_CONVERSION = YES;
				GCC_WARN_ABOUT_RETURN_TYPE = YES_ERROR;
				GCC_WARN_UNDECLARED_SELECTOR = YES;
				GCC_WARN_UNINITIALIZED_AUTOS = YES_AGGRESSIVE;
				GCC_WARN_UNUSED_FUNCTION = YES;
				GCC_WARN_UNUSED_VARIABLE = YES;
				IPHONEOS_DEPLOYMENT_TARGET = 17.5;
				LOCALIZATION_PREFERS_STRING_CATALOGS = YES;
				MTL_ENABLE_DEBUG_INFO = NO;
				MTL_FAST_MATH = YES;
				SDKROOT = iphoneos;
				SWIFT_COMPILATION_MODE = wholemodule;
				VALIDATE_PRODUCT = YES;
			};
			name = Release;
		};
		E89D89CD2C11838E00CAA39D /* Debug */ = {
			isa = XCBuildConfiguration;
			buildSettings = {
				ASSETCATALOG_COMPILER_APPICON_NAME = AppIcon;
				ASSETCATALOG_COMPILER_GLOBAL_ACCENT_COLOR_NAME = AccentColor;
				CODE_SIGN_STYLE = Automatic;
				CURRENT_PROJECT_VERSION = 1;
				DEVELOPMENT_TEAM = Y65JAZKR5L;
				GENERATE_INFOPLIST_FILE = YES;
				INFOPLIST_FILE = "ios-udemy-home/Info.plist";
				INFOPLIST_KEY_UIApplicationSupportsIndirectInputEvents = YES;
				INFOPLIST_KEY_UILaunchStoryboardName = LaunchScreen;
				INFOPLIST_KEY_UISupportedInterfaceOrientations_iPad = "UIInterfaceOrientationPortrait UIInterfaceOrientationPortraitUpsideDown UIInterfaceOrientationLandscapeLeft UIInterfaceOrientationLandscapeRight";
				INFOPLIST_KEY_UISupportedInterfaceOrientations_iPhone = "UIInterfaceOrientationPortrait UIInterfaceOrientationLandscapeLeft UIInterfaceOrientationLandscapeRight";
				LD_RUNPATH_SEARCH_PATHS = (
					"$(inherited)",
					"@executable_path/Frameworks",
				);
				MARKETING_VERSION = 1.0;
				PRODUCT_BUNDLE_IDENTIFIER = "com.devmeist3r.ios-udemy-home";
				PRODUCT_NAME = "$(TARGET_NAME)";
				SWIFT_EMIT_LOC_STRINGS = YES;
				SWIFT_VERSION = 5.0;
				TARGETED_DEVICE_FAMILY = "1,2";
			};
			name = Debug;
		};
		E89D89CE2C11838E00CAA39D /* Release */ = {
			isa = XCBuildConfiguration;
			buildSettings = {
				ASSETCATALOG_COMPILER_APPICON_NAME = AppIcon;
				ASSETCATALOG_COMPILER_GLOBAL_ACCENT_COLOR_NAME = AccentColor;
				CODE_SIGN_STYLE = Automatic;
				CURRENT_PROJECT_VERSION = 1;
				DEVELOPMENT_TEAM = Y65JAZKR5L;
				GENERATE_INFOPLIST_FILE = YES;
				INFOPLIST_FILE = "ios-udemy-home/Info.plist";
				INFOPLIST_KEY_UIApplicationSupportsIndirectInputEvents = YES;
				INFOPLIST_KEY_UILaunchStoryboardName = LaunchScreen;
				INFOPLIST_KEY_UISupportedInterfaceOrientations_iPad = "UIInterfaceOrientationPortrait UIInterfaceOrientationPortraitUpsideDown UIInterfaceOrientationLandscapeLeft UIInterfaceOrientationLandscapeRight";
				INFOPLIST_KEY_UISupportedInterfaceOrientations_iPhone = "UIInterfaceOrientationPortrait UIInterfaceOrientationLandscapeLeft UIInterfaceOrientationLandscapeRight";
				LD_RUNPATH_SEARCH_PATHS = (
					"$(inherited)",
					"@executable_path/Frameworks",
				);
				MARKETING_VERSION = 1.0;
				PRODUCT_BUNDLE_IDENTIFIER = "com.devmeist3r.ios-udemy-home";
				PRODUCT_NAME = "$(TARGET_NAME)";
				SWIFT_EMIT_LOC_STRINGS = YES;
				SWIFT_VERSION = 5.0;
				TARGETED_DEVICE_FAMILY = "1,2";
			};
			name = Release;
		};
/* End XCBuildConfiguration section */

/* Begin XCConfigurationList section */
		E89D89B32C11838D00CAA39D /* Build configuration list for PBXProject "ios-udemy-home" */ = {
			isa = XCConfigurationList;
			buildConfigurations = (
				E89D89CA2C11838E00CAA39D /* Debug */,
				E89D89CB2C11838E00CAA39D /* Release */,
			);
			defaultConfigurationIsVisible = 0;
			defaultConfigurationName = Release;
		};
		E89D89CC2C11838E00CAA39D /* Build configuration list for PBXNativeTarget "ios-udemy-home" */ = {
			isa = XCConfigurationList;
			buildConfigurations = (
				E89D89CD2C11838E00CAA39D /* Debug */,
				E89D89CE2C11838E00CAA39D /* Release */,
			);
			defaultConfigurationIsVisible = 0;
			defaultConfigurationName = Release;
		};
/* End XCConfigurationList section */

/* Begin XCRemoteSwiftPackageReference section */
		E8402ADD2C125CB200F1AB51 /* XCRemoteSwiftPackageReference "SnapKit" */ = {
			isa = XCRemoteSwiftPackageReference;
			repositoryURL = "https://github.com/SnapKit/SnapKit.git";
			requirement = {
				kind = upToNextMajorVersion;
				minimumVersion = 5.7.1;
			};
		};
/* End XCRemoteSwiftPackageReference section */

/* Begin XCSwiftPackageProductDependency section */
		E8402ADE2C125CB200F1AB51 /* SnapKit */ = {
			isa = XCSwiftPackageProductDependency;
			package = E8402ADD2C125CB200F1AB51 /* XCRemoteSwiftPackageReference "SnapKit" */;
			productName = SnapKit;
		};
/* End XCSwiftPackageProductDependency section */
	};
	rootObject = E89D89B02C11838D00CAA39D /* Project object */;
}
